{
  "name": "sudokugame",
  "version": "1.0.0",
  "lockfileVersion": 2,
  "requires": true,
  "packages": {
    "": {
      "name": "sudokugame",
      "version": "1.0.0",
      "license": "ISC",
      "dependencies": {
        "confetti-ts-canvas": "^1.1.5"
      }
    },
    "node_modules/confetti-ts-canvas": {
      "version": "1.1.5",
      "resolved": "https://registry.npmmirror.com/confetti-ts-canvas/-/confetti-ts-canvas-1.1.5.tgz",
      "integrity": "sha512-nL9i/zzo6qLulPQrtJD4igoUotVH601ojLM5/jclc0/qs8Ej5xMOE+DxU3+L5FqhvujAaxBdbO3kChnpSathTQ=="
    }
  },
  "dependencies": {
    "confetti-ts-canvas": {
      "version": "1.1.5",
      "resolved": "https://registry.npmmirror.com/confetti-ts-canvas/-/confetti-ts-canvas-1.1.5.tgz",
      "integrity": "sha512-nL9i/zzo6qLulPQrtJD4igoUotVH601ojLM5/jclc0/qs8Ej5xMOE+DxU3+L5FqhvujAaxBdbO3kChnpSathTQ=="
    }
  }
}
